
Microsoft Visual Studio Solution File, Format Version 12.00
# Visual Studio 2012
Project("{FAE04EC0-301F-11D3-BF4B-00C04F79EFBC}") = "Web.Public", "Web.Public\Web.Public.csproj", "{3981013E-4191-4459-ABA2-2EEB9FC62ED2}"
EndProject
Project("{FAE04EC0-301F-11D3-BF4B-00C04F79EFBC}") = "Web.Admin", "Web.Admin\Web.Admin.csproj", "{600AE1A7-D437-4638-8921-A790AC0D3F5E}"
EndProject
Project("{CC5FD16D-436D-48AD-A40C-5A424C6E3E79}") = "Cloud", "Cloud\Cloud.ccproj", "{CF8EC9F6-C8E1-404F-9D3D-3FD9B6CD7ACC}"
EndProject
Project("{FAE04EC0-301F-11D3-BF4B-00C04F79EFBC}") = "Role", "Role\Role.csproj", "{F2629A8C-E797-405B-8D54-3F8A8FBAF2A9}"
EndProject
Project("{2150E333-8FDC-42A3-9474-1A3956D46DE8}") = ".nuget", ".nuget", "{7AE2D1A9-4527-4013-9F12-703132BB2818}"
	ProjectSection(SolutionItems) = preProject
		.nuget\NuGet.Config = .nuget\NuGet.Config
		.nuget\NuGet.exe = .nuget\NuGet.exe
		.nuget\NuGet.targets = .nuget\NuGet.targets
	EndProjectSection
EndProject
Project("{FAE04EC0-301F-11D3-BF4B-00C04F79EFBC}") = "Web", "Web\Web.csproj", "{BDB91C42-8884-422C-B5D9-DB1AE28DB792}"
EndProject
Global
	GlobalSection(SolutionConfigurationPlatforms) = preSolution
		Cloud|Any CPU = Cloud|Any CPU
		Local|Any CPU = Local|Any CPU
	EndGlobalSection
	GlobalSection(ProjectConfigurationPlatforms) = postSolution
		{3981013E-4191-4459-ABA2-2EEB9FC62ED2}.Cloud|Any CPU.ActiveCfg = Cloud|Any CPU
		{3981013E-4191-4459-ABA2-2EEB9FC62ED2}.Cloud|Any CPU.Build.0 = Cloud|Any CPU
		{3981013E-4191-4459-ABA2-2EEB9FC62ED2}.Cloud|Any CPU.Deploy.0 = Cloud|Any CPU
		{3981013E-4191-4459-ABA2-2EEB9FC62ED2}.Local|Any CPU.ActiveCfg = Local|Any CPU
		{3981013E-4191-4459-ABA2-2EEB9FC62ED2}.Local|Any CPU.Build.0 = Local|Any CPU
		{600AE1A7-D437-4638-8921-A790AC0D3F5E}.Cloud|Any CPU.ActiveCfg = Cloud|Any CPU
		{600AE1A7-D437-4638-8921-A790AC0D3F5E}.Cloud|Any CPU.Build.0 = Cloud|Any CPU
		{600AE1A7-D437-4638-8921-A790AC0D3F5E}.Cloud|Any CPU.Deploy.0 = Cloud|Any CPU
		{600AE1A7-D437-4638-8921-A790AC0D3F5E}.Local|Any CPU.ActiveCfg = Local|Any CPU
		{600AE1A7-D437-4638-8921-A790AC0D3F5E}.Local|Any CPU.Build.0 = Local|Any CPU
		{CF8EC9F6-C8E1-404F-9D3D-3FD9B6CD7ACC}.Cloud|Any CPU.ActiveCfg = Cloud|Any CPU
		{CF8EC9F6-C8E1-404F-9D3D-3FD9B6CD7ACC}.Cloud|Any CPU.Build.0 = Cloud|Any CPU
		{CF8EC9F6-C8E1-404F-9D3D-3FD9B6CD7ACC}.Cloud|Any CPU.Deploy.0 = Cloud|Any CPU
		{CF8EC9F6-C8E1-404F-9D3D-3FD9B6CD7ACC}.Local|Any CPU.ActiveCfg = Local|Any CPU
		{CF8EC9F6-C8E1-404F-9D3D-3FD9B6CD7ACC}.Local|Any CPU.Build.0 = Local|Any CPU
		{F2629A8C-E797-405B-8D54-3F8A8FBAF2A9}.Cloud|Any CPU.ActiveCfg = Cloud|Any CPU
		{F2629A8C-E797-405B-8D54-3F8A8FBAF2A9}.Cloud|Any CPU.Build.0 = Cloud|Any CPU
		{F2629A8C-E797-405B-8D54-3F8A8FBAF2A9}.Cloud|Any CPU.Deploy.0 = Cloud|Any CPU
		{F2629A8C-E797-405B-8D54-3F8A8FBAF2A9}.Local|Any CPU.ActiveCfg = Local|Any CPU
		{F2629A8C-E797-405B-8D54-3F8A8FBAF2A9}.Local|Any CPU.Build.0 = Local|Any CPU
		{BDB91C42-8884-422C-B5D9-DB1AE28DB792}.Cloud|Any CPU.ActiveCfg = Cloud|Any CPU
		{BDB91C42-8884-422C-B5D9-DB1AE28DB792}.Cloud|Any CPU.Build.0 = Cloud|Any CPU
		{BDB91C42-8884-422C-B5D9-DB1AE28DB792}.Cloud|Any CPU.Deploy.0 = Cloud|Any CPU
		{BDB91C42-8884-422C-B5D9-DB1AE28DB792}.Local|Any CPU.ActiveCfg = Local|Any CPU
		{BDB91C42-8884-422C-B5D9-DB1AE28DB792}.Local|Any CPU.Build.0 = Local|Any CPU
	EndGlobalSection
	GlobalSection(SolutionProperties) = preSolution
		HideSolutionNode = FALSE
	EndGlobalSection
EndGlobal
